
Microsoft Visual Studio Solution File, Format Version 12.00
# Visual Studio Version 17
VisualStudioVersion = 17.5.33627.172
MinimumVisualStudioVersion = 10.0.40219.1
Project("{FAE04EC0-301F-11D3-BF4B-00C04F79EFBC}") = "Lab10", "Lab10.csproj", "{51A02ACC-0600-4254-AE91-21D6C379484C}"
EndProject
Global
	GlobalSection(SolutionConfigurationPlatforms) = preSolution
		Debug|Any CPU = Debug|Any CPU
		Release|Any CPU = Release|Any CPU
	EndGlobalSection
	GlobalSection(ProjectConfigurationPlatforms) = postSolution
		{51A02ACC-0600-4254-AE91-21D6C379484C}.Debug|Any CPU.ActiveCfg = Debug|Any CPU
		{51A02ACC-0600-4254-AE91-21D6C379484C}.Debug|Any CPU.Build.0 = Debug|Any CPU
		{51A02ACC-0600-4254-AE91-21D6C379484C}.Release|Any CPU.ActiveCfg = Release|Any CPU
		{51A02ACC-0600-4254-AE91-21D6C379484C}.Release|Any CPU.Build.0 = Release|Any CPU
	EndGlobalSection
	GlobalSection(SolutionProperties) = preSolution
		HideSolutionNode = FALSE
	EndGlobalSection
	GlobalSection(ExtensibilityGlobals) = postSolution
		SolutionGuid = {34A8DF41-F861-4C42-A5B6-5275AF127C13}
	EndGlobalSection
EndGlobal
